
Microsoft Visual Studio Solution File, Format Version 12.00
# Visual Studio 15
VisualStudioVersion = 15.0.26730.16
MinimumVisualStudioVersion = 10.0.40219.1
Project("{9A19103F-16F7-4668-BE54-9A1E7A4F7556}") = "MixMedia.Hue", "MixMedia.Hue\MixMedia.Hue.csproj", "{7C6F7FCE-B9EA-4FEC-85D3-18278497974B}"
EndProject
Project("{9A19103F-16F7-4668-BE54-9A1E7A4F7556}") = "MixMedia.Hue.Tests", "Tests\MixMedia.Hue.Tests.csproj", "{CC5DC4C1-9599-4A61-9905-9B8EC4EEA692}"
EndProject
Global
	GlobalSection(SolutionConfigurationPlatforms) = preSolution
		Debug|Any CPU = Debug|Any CPU
		Release|Any CPU = Release|Any CPU
	EndGlobalSection
	GlobalSection(ProjectConfigurationPlatforms) = postSolution
		{7C6F7FCE-B9EA-4FEC-85D3-18278497974B}.Debug|Any CPU.ActiveCfg = Debug|Any CPU
		{7C6F7FCE-B9EA-4FEC-85D3-18278497974B}.Debug|Any CPU.Build.0 = Debug|Any CPU
		{7C6F7FCE-B9EA-4FEC-85D3-18278497974B}.Release|Any CPU.ActiveCfg = Release|Any CPU
		{7C6F7FCE-B9EA-4FEC-85D3-18278497974B}.Release|Any CPU.Build.0 = Release|Any CPU
		{CC5DC4C1-9599-4A61-9905-9B8EC4EEA692}.Debug|Any CPU.ActiveCfg = Debug|Any CPU
		{CC5DC4C1-9599-4A61-9905-9B8EC4EEA692}.Debug|Any CPU.Build.0 = Debug|Any CPU
		{CC5DC4C1-9599-4A61-9905-9B8EC4EEA692}.Release|Any CPU.ActiveCfg = Release|Any CPU
		{CC5DC4C1-9599-4A61-9905-9B8EC4EEA692}.Release|Any CPU.Build.0 = Release|Any CPU
	EndGlobalSection
	GlobalSection(SolutionProperties) = preSolution
		HideSolutionNode = FALSE
	EndGlobalSection
	GlobalSection(ExtensibilityGlobals) = postSolution
		SolutionGuid = {859330E0-6B5B-45C4-BB8F-187264EEDF0C}
	EndGlobalSection
EndGlobal
