
Microsoft Visual Studio Solution File, Format Version 12.00
# Visual Studio 15
VisualStudioVersion = 15.0.26730.16
MinimumVisualStudioVersion = 10.0.40219.1
Project("{FAE04EC0-301F-11D3-BF4B-00C04F79EFBC}") = "MixMedia.Hue", "MixMedia.Hue\MixMedia.Hue.csproj", "{3E1CE992-18D3-4473-87E5-B08250F56674}"
EndProject
Project("{FAE04EC0-301F-11D3-BF4B-00C04F79EFBC}") = "MixMedia.Hue.Tests", "MixMedia.Hue.Tests\MixMedia.Hue.Tests.csproj", "{724CD4F9-DE76-42C0-A416-1420A9C4DEBB}"
EndProject
Global
	GlobalSection(SolutionConfigurationPlatforms) = preSolution
		Debug|Any CPU = Debug|Any CPU
		Release|Any CPU = Release|Any CPU
	EndGlobalSection
	GlobalSection(ProjectConfigurationPlatforms) = postSolution
		{3E1CE992-18D3-4473-87E5-B08250F56674}.Debug|Any CPU.ActiveCfg = Debug|Any CPU
		{3E1CE992-18D3-4473-87E5-B08250F56674}.Debug|Any CPU.Build.0 = Debug|Any CPU
		{3E1CE992-18D3-4473-87E5-B08250F56674}.Release|Any CPU.ActiveCfg = Release|Any CPU
		{3E1CE992-18D3-4473-87E5-B08250F56674}.Release|Any CPU.Build.0 = Release|Any CPU
		{724CD4F9-DE76-42C0-A416-1420A9C4DEBB}.Debug|Any CPU.ActiveCfg = Debug|Any CPU
		{724CD4F9-DE76-42C0-A416-1420A9C4DEBB}.Debug|Any CPU.Build.0 = Debug|Any CPU
		{724CD4F9-DE76-42C0-A416-1420A9C4DEBB}.Release|Any CPU.ActiveCfg = Release|Any CPU
		{724CD4F9-DE76-42C0-A416-1420A9C4DEBB}.Release|Any CPU.Build.0 = Release|Any CPU
	EndGlobalSection
	GlobalSection(SolutionProperties) = preSolution
		HideSolutionNode = FALSE
	EndGlobalSection
	GlobalSection(ExtensibilityGlobals) = postSolution
		SolutionGuid = {D85EEFE7-EBBC-4A27-88F0-07CF839F7147}
	EndGlobalSection
EndGlobal
